
Microsoft Visual Studio Solution File, Format Version 12.00
# Visual Studio Version 17
VisualStudioVersion = 17.0.31903.59
MinimumVisualStudioVersion = 10.0.40219.1
Project("{FAE04EC0-301F-11D3-BF4B-00C04F79EFBC}") = "ProductCatalogServer", "ProductCatalogServer\ProductCatalogServer.csproj", "{A7D11FF8-A821-4F55-AC4A-5947759921C3}"
EndProject
Project("{FAE04EC0-301F-11D3-BF4B-00C04F79EFBC}") = "ProductCatalogClient", "ProductCatalogClient\ProductCatalogClient.csproj", "{DD9B7D2B-D348-4C81-A1A0-4552C8A766A9}"
EndProject
Global
	GlobalSection(SolutionConfigurationPlatforms) = preSolution
		Debug|Any CPU = Debug|Any CPU
		Release|Any CPU = Release|Any CPU
	EndGlobalSection
	GlobalSection(SolutionProperties) = preSolution
		HideSolutionNode = FALSE
	EndGlobalSection
	GlobalSection(ProjectConfigurationPlatforms) = postSolution
		{A7D11FF8-A821-4F55-AC4A-5947759921C3}.Debug|Any CPU.ActiveCfg = Debug|Any CPU
		{A7D11FF8-A821-4F55-AC4A-5947759921C3}.Debug|Any CPU.Build.0 = Debug|Any CPU
		{A7D11FF8-A821-4F55-AC4A-5947759921C3}.Release|Any CPU.ActiveCfg = Release|Any CPU
		{A7D11FF8-A821-4F55-AC4A-5947759921C3}.Release|Any CPU.Build.0 = Release|Any CPU
		{DD9B7D2B-D348-4C81-A1A0-4552C8A766A9}.Debug|Any CPU.ActiveCfg = Debug|Any CPU
		{DD9B7D2B-D348-4C81-A1A0-4552C8A766A9}.Debug|Any CPU.Build.0 = Debug|Any CPU
		{DD9B7D2B-D348-4C81-A1A0-4552C8A766A9}.Release|Any CPU.ActiveCfg = Release|Any CPU
		{DD9B7D2B-D348-4C81-A1A0-4552C8A766A9}.Release|Any CPU.Build.0 = Release|Any CPU
	EndGlobalSection
EndGlobal
